
Microsoft Visual Studio Solution File, Format Version 12.00
# Visual Studio 2013
VisualStudioVersion = 12.0.30501.0
MinimumVisualStudioVersion = 10.0.40219.1
Project("{FAE04EC0-301F-11D3-BF4B-00C04F79EFBC}") = "HHS", "HHS\HHS.csproj", "{5CC9D096-EB19-4363-AF9C-7A2A114EFBCD}"
EndProject
Project("{FAE04EC0-301F-11D3-BF4B-00C04F79EFBC}") = "HHS.Tests", "HHS.Tests\HHS.Tests.csproj", "{C5DD211F-14E9-4720-91B8-73E47C6BF092}"
EndProject
Project("{FAE04EC0-301F-11D3-BF4B-00C04F79EFBC}") = "HHS.WPF", "HHS.WPF\HHS.WPF.csproj", "{892B9CE0-7FCC-4583-978C-947828E5C59B}"
EndProject
Global
	GlobalSection(SolutionConfigurationPlatforms) = preSolution
		Debug|Any CPU = Debug|Any CPU
		Release|Any CPU = Release|Any CPU
	EndGlobalSection
	GlobalSection(ProjectConfigurationPlatforms) = postSolution
		{5CC9D096-EB19-4363-AF9C-7A2A114EFBCD}.Debug|Any CPU.ActiveCfg = Debug|Any CPU
		{5CC9D096-EB19-4363-AF9C-7A2A114EFBCD}.Debug|Any CPU.Build.0 = Debug|Any CPU
		{5CC9D096-EB19-4363-AF9C-7A2A114EFBCD}.Release|Any CPU.ActiveCfg = Release|Any CPU
		{5CC9D096-EB19-4363-AF9C-7A2A114EFBCD}.Release|Any CPU.Build.0 = Release|Any CPU
		{C5DD211F-14E9-4720-91B8-73E47C6BF092}.Debug|Any CPU.ActiveCfg = Debug|Any CPU
		{C5DD211F-14E9-4720-91B8-73E47C6BF092}.Debug|Any CPU.Build.0 = Debug|Any CPU
		{C5DD211F-14E9-4720-91B8-73E47C6BF092}.Release|Any CPU.ActiveCfg = Release|Any CPU
		{C5DD211F-14E9-4720-91B8-73E47C6BF092}.Release|Any CPU.Build.0 = Release|Any CPU
		{892B9CE0-7FCC-4583-978C-947828E5C59B}.Debug|Any CPU.ActiveCfg = Debug|Any CPU
		{892B9CE0-7FCC-4583-978C-947828E5C59B}.Debug|Any CPU.Build.0 = Debug|Any CPU
		{892B9CE0-7FCC-4583-978C-947828E5C59B}.Release|Any CPU.ActiveCfg = Release|Any CPU
		{892B9CE0-7FCC-4583-978C-947828E5C59B}.Release|Any CPU.Build.0 = Release|Any CPU
	EndGlobalSection
	GlobalSection(SolutionProperties) = preSolution
		HideSolutionNode = FALSE
	EndGlobalSection
EndGlobal
